
Microsoft Visual Studio Solution File, Format Version 12.00
# Visual Studio Version 16
VisualStudioVersion = 16.0.28803.202
MinimumVisualStudioVersion = 10.0.40219.1
Project("{FAE04EC0-301F-11D3-BF4B-00C04F79EFBC}") = "VIAFitness", "VIAFitness\VIAFitness.csproj", "{7D0A52B0-6BF0-441A-A092-3BCFF9801D08}"
EndProject
Project("{00D1A9C2-B5F0-4AF3-8072-F6C62B433612}") = "VIAFitnessDatabase", "VIAFitnessDatabase\VIAFitnessDatabase.sqlproj", "{8B1C51B9-C869-46BD-A0B0-AD1C39FEC5A4}"
EndProject
Project("{FAE04EC0-301F-11D3-BF4B-00C04F79EFBC}") = "ViaFitnessDataAccess", "ViaFitnessDataAccess\ViaFitnessDataAccess.csproj", "{80D5CA09-4518-4FDE-8577-9E97C60B2C4F}"
EndProject
Global
	GlobalSection(SolutionConfigurationPlatforms) = preSolution
		Debug|Any CPU = Debug|Any CPU
		Release|Any CPU = Release|Any CPU
	EndGlobalSection
	GlobalSection(ProjectConfigurationPlatforms) = postSolution
		{7D0A52B0-6BF0-441A-A092-3BCFF9801D08}.Debug|Any CPU.ActiveCfg = Debug|Any CPU
		{7D0A52B0-6BF0-441A-A092-3BCFF9801D08}.Debug|Any CPU.Build.0 = Debug|Any CPU
		{7D0A52B0-6BF0-441A-A092-3BCFF9801D08}.Release|Any CPU.ActiveCfg = Release|Any CPU
		{7D0A52B0-6BF0-441A-A092-3BCFF9801D08}.Release|Any CPU.Build.0 = Release|Any CPU
		{8B1C51B9-C869-46BD-A0B0-AD1C39FEC5A4}.Debug|Any CPU.ActiveCfg = Debug|Any CPU
		{8B1C51B9-C869-46BD-A0B0-AD1C39FEC5A4}.Debug|Any CPU.Build.0 = Debug|Any CPU
		{8B1C51B9-C869-46BD-A0B0-AD1C39FEC5A4}.Debug|Any CPU.Deploy.0 = Debug|Any CPU
		{8B1C51B9-C869-46BD-A0B0-AD1C39FEC5A4}.Release|Any CPU.ActiveCfg = Release|Any CPU
		{8B1C51B9-C869-46BD-A0B0-AD1C39FEC5A4}.Release|Any CPU.Build.0 = Release|Any CPU
		{8B1C51B9-C869-46BD-A0B0-AD1C39FEC5A4}.Release|Any CPU.Deploy.0 = Release|Any CPU
		{80D5CA09-4518-4FDE-8577-9E97C60B2C4F}.Debug|Any CPU.ActiveCfg = Debug|Any CPU
		{80D5CA09-4518-4FDE-8577-9E97C60B2C4F}.Debug|Any CPU.Build.0 = Debug|Any CPU
		{80D5CA09-4518-4FDE-8577-9E97C60B2C4F}.Release|Any CPU.ActiveCfg = Release|Any CPU
		{80D5CA09-4518-4FDE-8577-9E97C60B2C4F}.Release|Any CPU.Build.0 = Release|Any CPU
	EndGlobalSection
	GlobalSection(SolutionProperties) = preSolution
		HideSolutionNode = FALSE
	EndGlobalSection
	GlobalSection(ExtensibilityGlobals) = postSolution
		SolutionGuid = {7CE28047-8F3C-44ED-86B4-1ED47AF48FFF}
	EndGlobalSection
EndGlobal
